
Microsoft Visual Studio Solution File, Format Version 11.00
# Visual Studio 2010
# SharpDevelop 5.1
Project("{FAE04EC0-301F-11D3-BF4B-00C04F79EFBC}") = "Battleship", "Battleship\Battleship.csproj", "{FCAAF6AD-AC42-4029-8C0D-FF91F97B6147}"
EndProject
Global
	GlobalSection(SolutionConfigurationPlatforms) = preSolution
		Debug|Any CPU = Debug|Any CPU
		Release|Any CPU = Release|Any CPU
	EndGlobalSection
	GlobalSection(ProjectConfigurationPlatforms) = postSolution
		{FCAAF6AD-AC42-4029-8C0D-FF91F97B6147}.Debug|Any CPU.ActiveCfg = Debug|Any CPU
		{FCAAF6AD-AC42-4029-8C0D-FF91F97B6147}.Debug|Any CPU.Build.0 = Debug|Any CPU
		{FCAAF6AD-AC42-4029-8C0D-FF91F97B6147}.Release|Any CPU.ActiveCfg = Release|Any CPU
		{FCAAF6AD-AC42-4029-8C0D-FF91F97B6147}.Release|Any CPU.Build.0 = Release|Any CPU
	EndGlobalSection
EndGlobal
